
Microsoft Visual Studio Solution File, Format Version 12.00
# Visual Studio Version 17
VisualStudioVersion = 17.9.34616.47
MinimumVisualStudioVersion = 10.0.40219.1
Project("{FAE04EC0-301F-11D3-BF4B-00C04F79EFBC}") = "modul8_1302223051", "modul8_1302223051\modul8_1302223051.csproj", "{6CAC97AD-E58D-411E-A514-750E537699FB}"
EndProject
Global
	GlobalSection(SolutionConfigurationPlatforms) = preSolution
		Debug|Any CPU = Debug|Any CPU
		Release|Any CPU = Release|Any CPU
	EndGlobalSection
	GlobalSection(ProjectConfigurationPlatforms) = postSolution
		{6CAC97AD-E58D-411E-A514-750E537699FB}.Debug|Any CPU.ActiveCfg = Debug|Any CPU
		{6CAC97AD-E58D-411E-A514-750E537699FB}.Debug|Any CPU.Build.0 = Debug|Any CPU
		{6CAC97AD-E58D-411E-A514-750E537699FB}.Release|Any CPU.ActiveCfg = Release|Any CPU
		{6CAC97AD-E58D-411E-A514-750E537699FB}.Release|Any CPU.Build.0 = Release|Any CPU
	EndGlobalSection
	GlobalSection(SolutionProperties) = preSolution
		HideSolutionNode = FALSE
	EndGlobalSection
	GlobalSection(ExtensibilityGlobals) = postSolution
		SolutionGuid = {319AD123-6524-4E99-ABDB-89B0BB76EAB5}
	EndGlobalSection
EndGlobal
